// !$*UTF8*$!
{
	archiveVersion = 1;
	classes = {
	};
	objectVersion = 56;
	objects = {

/* Begin PBXBuildFile section */
		CA1D65402B46EA3E00A9074F /* AppDelegate.swift in Sources */ = {isa = PBXBuildFile; fileRef = CA1D653F2B46EA3E00A9074F /* AppDelegate.swift */; };
		CA1D65422B46EA3E00A9074F /* SceneDelegate.swift in Sources */ = {isa = PBXBuildFile; fileRef = CA1D65412B46EA3E00A9074F /* SceneDelegate.swift */; };
		CA1D65442B46EA3E00A9074F /* MainViewController.swift in Sources */ = {isa = PBXBuildFile; fileRef = CA1D65432B46EA3E00A9074F /* MainViewController.swift */; };
		CA1D65492B46EA3F00A9074F /* Assets.xcassets in Resources */ = {isa = PBXBuildFile; fileRef = CA1D65482B46EA3F00A9074F /* Assets.xcassets */; };
		CA1D654C2B46EA3F00A9074F /* LaunchScreen.storyboard in Resources */ = {isa = PBXBuildFile; fileRef = CA1D654A2B46EA3F00A9074F /* LaunchScreen.storyboard */; };
		CA1D65542B470BEC00A9074F /* NetworkManager.swift in Sources */ = {isa = PBXBuildFile; fileRef = CA1D65532B470BEC00A9074F /* NetworkManager.swift */; };
		CA1D65562B470D4600A9074F /* FeaturedViewController.swift in Sources */ = {isa = PBXBuildFile; fileRef = CA1D65552B470D4600A9074F /* FeaturedViewController.swift */; };
		CA1D65592B482A2300A9074F /* DetailsViewController.swift in Sources */ = {isa = PBXBuildFile; fileRef = CA1D65582B482A2300A9074F /* DetailsViewController.swift */; };
		CA1D655C2B482E1500A9074F /* WeatherModel.swift in Sources */ = {isa = PBXBuildFile; fileRef = CA1D655B2B482E1500A9074F /* WeatherModel.swift */; };
		CA1D655E2B482F5500A9074F /* ForecastModel.swift in Sources */ = {isa = PBXBuildFile; fileRef = CA1D655D2B482F5500A9074F /* ForecastModel.swift */; };
		CA1D65612B48360D00A9074F /* WeatherTableViewCell.swift in Sources */ = {isa = PBXBuildFile; fileRef = CA1D65602B48360D00A9074F /* WeatherTableViewCell.swift */; };
		CA1D65632B48475E00A9074F /* ForecastCollectionViewCell.swift in Sources */ = {isa = PBXBuildFile; fileRef = CA1D65622B48475E00A9074F /* ForecastCollectionViewCell.swift */; };
		CA1D65652B4868D000A9074F /* DetailsTableViewCell.swift in Sources */ = {isa = PBXBuildFile; fileRef = CA1D65642B4868D000A9074F /* DetailsTableViewCell.swift */; };
/* End PBXBuildFile section */

/* Begin PBXFileReference section */
		CA1D653C2B46EA3E00A9074F /* WeatherApp.app */ = {isa = PBXFileReference; explicitFileType = wrapper.application; includeInIndex = 0; path = WeatherApp.app; sourceTree = BUILT_PRODUCTS_DIR; };
		CA1D653F2B46EA3E00A9074F /* AppDelegate.swift */ = {isa = PBXFileReference; lastKnownFileType = sourcecode.swift; path = AppDelegate.swift; sourceTree = "<group>"; };
		CA1D65412B46EA3E00A9074F /* SceneDelegate.swift */ = {isa = PBXFileReference; lastKnownFileType = sourcecode.swift; path = SceneDelegate.swift; sourceTree = "<group>"; };
		CA1D65432B46EA3E00A9074F /* MainViewController.swift */ = {isa = PBXFileReference; lastKnownFileType = sourcecode.swift; path = MainViewController.swift; sourceTree = "<group>"; };
		CA1D65482B46EA3F00A9074F /* Assets.xcassets */ = {isa = PBXFileReference; lastKnownFileType = folder.assetcatalog; path = Assets.xcassets; sourceTree = "<group>"; };
		CA1D654B2B46EA3F00A9074F /* Base */ = {isa = PBXFileReference; lastKnownFileType = file.storyboard; name = Base; path = Base.lproj/LaunchScreen.storyboard; sourceTree = "<group>"; };
		CA1D654D2B46EA3F00A9074F /* Info.plist */ = {isa = PBXFileReference; lastKnownFileType = text.plist.xml; path = Info.plist; sourceTree = "<group>"; };
		CA1D65532B470BEC00A9074F /* NetworkManager.swift */ = {isa = PBXFileReference; lastKnownFileType = sourcecode.swift; path = NetworkManager.swift; sourceTree = "<group>"; };
		CA1D65552B470D4600A9074F /* FeaturedViewController.swift */ = {isa = PBXFileReference; lastKnownFileType = sourcecode.swift; path = FeaturedViewController.swift; sourceTree = "<group>"; };
		CA1D65582B482A2300A9074F /* DetailsViewController.swift */ = {isa = PBXFileReference; lastKnownFileType = sourcecode.swift; path = DetailsViewController.swift; sourceTree = "<group>"; };
		CA1D655B2B482E1500A9074F /* WeatherModel.swift */ = {isa = PBXFileReference; lastKnownFileType = sourcecode.swift; path = WeatherModel.swift; sourceTree = "<group>"; };
		CA1D655D2B482F5500A9074F /* ForecastModel.swift */ = {isa = PBXFileReference; lastKnownFileType = sourcecode.swift; path = ForecastModel.swift; sourceTree = "<group>"; };
		CA1D65602B48360D00A9074F /* WeatherTableViewCell.swift */ = {isa = PBXFileReference; lastKnownFileType = sourcecode.swift; path = WeatherTableViewCell.swift; sourceTree = "<group>"; };
		CA1D65622B48475E00A9074F /* ForecastCollectionViewCell.swift */ = {isa = PBXFileReference; lastKnownFileType = sourcecode.swift; path = ForecastCollectionViewCell.swift; sourceTree = "<group>"; };
		CA1D65642B4868D000A9074F /* DetailsTableViewCell.swift */ = {isa = PBXFileReference; lastKnownFileType = sourcecode.swift; path = DetailsTableViewCell.swift; sourceTree = "<group>"; };
/* End PBXFileReference section */

/* Begin PBXFrameworksBuildPhase section */
		CA1D65392B46EA3E00A9074F /* Frameworks */ = {
			isa = PBXFrameworksBuildPhase;
			buildActionMask = 2147483647;
			files = (
			);
			runOnlyForDeploymentPostprocessing = 0;
		};
/* End PBXFrameworksBuildPhase section */

/* Begin PBXGroup section */
		CA1D65332B46EA3E00A9074F = {
			isa = PBXGroup;
			children = (
				CA1D653E2B46EA3E00A9074F /* WeatherApp */,
				CA1D653D2B46EA3E00A9074F /* Products */,
			);
			sourceTree = "<group>";
		};
		CA1D653D2B46EA3E00A9074F /* Products */ = {
			isa = PBXGroup;
			children = (
				CA1D653C2B46EA3E00A9074F /* WeatherApp.app */,
			);
			name = Products;
			sourceTree = "<group>";
		};
		CA1D653E2B46EA3E00A9074F /* WeatherApp */ = {
			isa = PBXGroup;
			children = (
				CA1D653F2B46EA3E00A9074F /* AppDelegate.swift */,
				CA1D65412B46EA3E00A9074F /* SceneDelegate.swift */,
				CA1D655F2B4835F300A9074F /* Cells */,
				CA1D655A2B482E0B00A9074F /* Models */,
				CA1D65572B470D5300A9074F /* Controllers */,
				CA1D65532B470BEC00A9074F /* NetworkManager.swift */,
				CA1D65482B46EA3F00A9074F /* Assets.xcassets */,
				CA1D654A2B46EA3F00A9074F /* LaunchScreen.storyboard */,
				CA1D654D2B46EA3F00A9074F /* Info.plist */,
			);
			path = WeatherApp;
			sourceTree = "<group>";
		};
		CA1D65572B470D5300A9074F /* Controllers */ = {
			isa = PBXGroup;
			children = (
				CA1D65552B470D4600A9074F /* FeaturedViewController.swift */,
				CA1D65432B46EA3E00A9074F /* MainViewController.swift */,
				CA1D65582B482A2300A9074F /* DetailsViewController.swift */,
			);
			path = Controllers;
			sourceTree = "<group>";
		};
		CA1D655A2B482E0B00A9074F /* Models */ = {
			isa = PBXGroup;
			children = (
				CA1D655B2B482E1500A9074F /* WeatherModel.swift */,
				CA1D655D2B482F5500A9074F /* ForecastModel.swift */,
			);
			path = Models;
			sourceTree = "<group>";
		};
		CA1D655F2B4835F300A9074F /* Cells */ = {
			isa = PBXGroup;
			children = (
				CA1D65602B48360D00A9074F /* WeatherTableViewCell.swift */,
				CA1D65622B48475E00A9074F /* ForecastCollectionViewCell.swift */,
				CA1D65642B4868D000A9074F /* DetailsTableViewCell.swift */,
			);
			path = Cells;
			sourceTree = "<group>";
		};
/* End PBXGroup section */

/* Begin PBXNativeTarget section */
		CA1D653B2B46EA3E00A9074F /* WeatherApp */ = {
			isa = PBXNativeTarget;
			buildConfigurationList = CA1D65502B46EA3F00A9074F /* Build configuration list for PBXNativeTarget "WeatherApp" */;
			buildPhases = (
				CA1D65382B46EA3E00A9074F /* Sources */,
				CA1D65392B46EA3E00A9074F /* Frameworks */,
				CA1D653A2B46EA3E00A9074F /* Resources */,
			);
			buildRules = (
			);
			dependencies = (
			);
			name = WeatherApp;
			productName = WeatherApp;
			productReference = CA1D653C2B46EA3E00A9074F /* WeatherApp.app */;
			productType = "com.apple.product-type.application";
		};
/* End PBXNativeTarget section */

/* Begin PBXProject section */
		CA1D65342B46EA3E00A9074F /* Project object */ = {
			isa = PBXProject;
			attributes = {
				BuildIndependentTargetsInParallel = 1;
				LastSwiftUpdateCheck = 1510;
				LastUpgradeCheck = 1510;
				TargetAttributes = {
					CA1D653B2B46EA3E00A9074F = {
						CreatedOnToolsVersion = 15.1;
					};
				};
			};
			buildConfigurationList = CA1D65372B46EA3E00A9074F /* Build configuration list for PBXProject "WeatherApp" */;
			compatibilityVersion = "Xcode 14.0";
			developmentRegion = en;
			hasScannedForEncodings = 0;
			knownRegions = (
				en,
				Base,
			);
			mainGroup = CA1D65332B46EA3E00A9074F;
			productRefGroup = CA1D653D2B46EA3E00A9074F /* Products */;
			projectDirPath = "";
			projectRoot = "";
			targets = (
				CA1D653B2B46EA3E00A9074F /* WeatherApp */,
			);
		};
/* End PBXProject section */

/* Begin PBXResourcesBuildPhase section */
		CA1D653A2B46EA3E00A9074F /* Resources */ = {
			isa = PBXResourcesBuildPhase;
			buildActionMask = 2147483647;
			files = (
				CA1D654C2B46EA3F00A9074F /* LaunchScreen.storyboard in Resources */,
				CA1D65492B46EA3F00A9074F /* Assets.xcassets in Resources */,
			);
			runOnlyForDeploymentPostprocessing = 0;
		};
/* End PBXResourcesBuildPhase section */

/* Begin PBXSourcesBuildPhase section */
		CA1D65382B46EA3E00A9074F /* Sources */ = {
			isa = PBXSourcesBuildPhase;
			buildActionMask = 2147483647;
			files = (
				CA1D65542B470BEC00A9074F /* NetworkManager.swift in Sources */,
				CA1D65442B46EA3E00A9074F /* MainViewController.swift in Sources */,
				CA1D65402B46EA3E00A9074F /* AppDelegate.swift in Sources */,
				CA1D655C2B482E1500A9074F /* WeatherModel.swift in Sources */,
				CA1D65422B46EA3E00A9074F /* SceneDelegate.swift in Sources */,
				CA1D65652B4868D000A9074F /* DetailsTableViewCell.swift in Sources */,
				CA1D65562B470D4600A9074F /* FeaturedViewController.swift in Sources */,
				CA1D65612B48360D00A9074F /* WeatherTableViewCell.swift in Sources */,
				CA1D655E2B482F5500A9074F /* ForecastModel.swift in Sources */,
				CA1D65632B48475E00A9074F /* ForecastCollectionViewCell.swift in Sources */,
				CA1D65592B482A2300A9074F /* DetailsViewController.swift in Sources */,
			);
			runOnlyForDeploymentPostprocessing = 0;
		};
/* End PBXSourcesBuildPhase section */

/* Begin PBXVariantGroup section */
		CA1D654A2B46EA3F00A9074F /* LaunchScreen.storyboard */ = {
			isa = PBXVariantGroup;
			children = (
				CA1D654B2B46EA3F00A9074F /* Base */,
			);
			name = LaunchScreen.storyboard;
			sourceTree = "<group>";
		};
/* End PBXVariantGroup section */

/* Begin XCBuildConfiguration section */
		CA1D654E2B46EA3F00A9074F /* Debug */ = {
			isa = XCBuildConfiguration;
			buildSettings = {
				ALWAYS_SEARCH_USER_PATHS = NO;
				ASSETCATALOG_COMPILER_GENERATE_SWIFT_ASSET_SYMBOL_EXTENSIONS = YES;
				CLANG_ANALYZER_NONNULL = YES;
				CLANG_ANALYZER_NUMBER_OBJECT_CONVERSION = YES_AGGRESSIVE;
				CLANG_CXX_LANGUAGE_STANDARD = "gnu++20";
				CLANG_ENABLE_MODULES = YES;
				CLANG_ENABLE_OBJC_ARC = YES;
				CLANG_ENABLE_OBJC_WEAK = YES;
				CLANG_WARN_BLOCK_CAPTURE_AUTORELEASING = YES;
				CLANG_WARN_BOOL_CONVERSION = YES;
				CLANG_WARN_COMMA = YES;
				CLANG_WARN_CONSTANT_CONVERSION = YES;
				CLANG_WARN_DEPRECATED_OBJC_IMPLEMENTATIONS = YES;
				CLANG_WARN_DIRECT_OBJC_ISA_USAGE = YES_ERROR;
				CLANG_WARN_DOCUMENTATION_COMMENTS = YES;
				CLANG_WARN_EMPTY_BODY = YES;
				CLANG_WARN_ENUM_CONVERSION = YES;
				CLANG_WARN_INFINITE_RECURSION = YES;
				CLANG_WARN_INT_CONVERSION = YES;
				CLANG_WARN_NON_LITERAL_NULL_CONVERSION = YES;
				CLANG_WARN_OBJC_IMPLICIT_RETAIN_SELF = YES;
				CLANG_WARN_OBJC_LITERAL_CONVERSION = YES;
				CLANG_WARN_OBJC_ROOT_CLASS = YES_ERROR;
				CLANG_WARN_QUOTED_INCLUDE_IN_FRAMEWORK_HEADER = YES;
				CLANG_WARN_RANGE_LOOP_ANALYSIS = YES;
				CLANG_WARN_STRICT_PROTOTYPES = YES;
				CLANG_WARN_SUSPICIOUS_MOVE = YES;
				CLANG_WARN_UNGUARDED_AVAILABILITY = YES_AGGRESSIVE;
				CLANG_WARN_UNREACHABLE_CODE = YES;
				CLANG_WARN__DUPLICATE_METHOD_MATCH = YES;
				COPY_PHASE_STRIP = NO;
				DEBUG_INFORMATION_FORMAT = dwarf;
				ENABLE_STRICT_OBJC_MSGSEND = YES;
				ENABLE_TESTABILITY = YES;
				ENABLE_USER_SCRIPT_SANDBOXING = YES;
				GCC_C_LANGUAGE_STANDARD = gnu17;
				GCC_DYNAMIC_NO_PIC = NO;
				GCC_NO_COMMON_BLOCKS = YES;
				GCC_OPTIMIZATION_LEVEL = 0;
				GCC_PREPROCESSOR_DEFINITIONS = (
					"DEBUG=1",
					"$(inherited)",
				);
				GCC_WARN_64_TO_32_BIT_CONVERSION = YES;
				GCC_WARN_ABOUT_RETURN_TYPE = YES_ERROR;
				GCC_WARN_UNDECLARED_SELECTOR = YES;
				GCC_WARN_UNINITIALIZED_AUTOS = YES_AGGRESSIVE;
				GCC_WARN_UNUSED_FUNCTION = YES;
				GCC_WARN_UNUSED_VARIABLE = YES;
				IPHONEOS_DEPLOYMENT_TARGET = 17.2;
				LOCALIZATION_PREFERS_STRING_CATALOGS = YES;
				MTL_ENABLE_DEBUG_INFO = INCLUDE_SOURCE;
				MTL_FAST_MATH = YES;
				ONLY_ACTIVE_ARCH = YES;
				SDKROOT = iphoneos;
				SWIFT_ACTIVE_COMPILATION_CONDITIONS = "DEBUG $(inherited)";
				SWIFT_OPTIMIZATION_LEVEL = "-Onone";
			};
			name = Debug;
		};
		CA1D654F2B46EA3F00A9074F /* Release */ = {
			isa = XCBuildConfiguration;
			buildSettings = {
				ALWAYS_SEARCH_USER_PATHS = NO;
				ASSETCATALOG_COMPILER_GENERATE_SWIFT_ASSET_SYMBOL_EXTENSIONS = YES;
				CLANG_ANALYZER_NONNULL = YES;
				CLANG_ANALYZER_NUMBER_OBJECT_CONVERSION = YES_AGGRESSIVE;
				CLANG_CXX_LANGUAGE_STANDARD = "gnu++20";
				CLANG_ENABLE_MODULES = YES;
				CLANG_ENABLE_OBJC_ARC = YES;
				CLANG_ENABLE_OBJC_WEAK = YES;
				CLANG_WARN_BLOCK_CAPTURE_AUTORELEASING = YES;
				CLANG_WARN_BOOL_CONVERSION = YES;
				CLANG_WARN_COMMA = YES;
				CLANG_WARN_CONSTANT_CONVERSION = YES;
				CLANG_WARN_DEPRECATED_OBJC_IMPLEMENTATIONS = YES;
				CLANG_WARN_DIRECT_OBJC_ISA_USAGE = YES_ERROR;
				CLANG_WARN_DOCUMENTATION_COMMENTS = YES;
				CLANG_WARN_EMPTY_BODY = YES;
				CLANG_WARN_ENUM_CONVERSION = YES;
				CLANG_WARN_INFINITE_RECURSION = YES;
				CLANG_WARN_INT_CONVERSION = YES;
				CLANG_WARN_NON_LITERAL_NULL_CONVERSION = YES;
				CLANG_WARN_OBJC_IMPLICIT_RETAIN_SELF = YES;
				CLANG_WARN_OBJC_LITERAL_CONVERSION = YES;
				CLANG_WARN_OBJC_ROOT_CLASS = YES_ERROR;
				CLANG_WARN_QUOTED_INCLUDE_IN_FRAMEWORK_HEADER = YES;
				CLANG_WARN_RANGE_LOOP_ANALYSIS = YES;
				CLANG_WARN_STRICT_PROTOTYPES = YES;
				CLANG_WARN_SUSPICIOUS_MOVE = YES;
				CLANG_WARN_UNGUARDED_AVAILABILITY = YES_AGGRESSIVE;
				CLANG_WARN_UNREACHABLE_CODE = YES;
				CLANG_WARN__DUPLICATE_METHOD_MATCH = YES;
				COPY_PHASE_STRIP = NO;
				DEBUG_INFORMATION_FORMAT = "dwarf-with-dsym";
				ENABLE_NS_ASSERTIONS = NO;
				ENABLE_STRICT_OBJC_MSGSEND = YES;
				ENABLE_USER_SCRIPT_SANDBOXING = YES;
				GCC_C_LANGUAGE_STANDARD = gnu17;
				GCC_NO_COMMON_BLOCKS = YES;
				GCC_WARN_64_TO_32_BIT_CONVERSION = YES;
				GCC_WARN_ABOUT_RETURN_TYPE = YES_ERROR;
				GCC_WARN_UNDECLARED_SELECTOR = YES;
				GCC_WARN_UNINITIALIZED_AUTOS = YES_AGGRESSIVE;
				GCC_WARN_UNUSED_FUNCTION = YES;
				GCC_WARN_UNUSED_VARIABLE = YES;
				IPHONEOS_DEPLOYMENT_TARGET = 17.2;
				LOCALIZATION_PREFERS_STRING_CATALOGS = YES;
				MTL_ENABLE_DEBUG_INFO = NO;
				MTL_FAST_MATH = YES;
				SDKROOT = iphoneos;
				SWIFT_COMPILATION_MODE = wholemodule;
				VALIDATE_PRODUCT = YES;
			};
			name = Release;
		};
		CA1D65512B46EA3F00A9074F /* Debug */ = {
			isa = XCBuildConfiguration;
			buildSettings = {
				ASSETCATALOG_COMPILER_APPICON_NAME = AppIcon;
				ASSETCATALOG_COMPILER_GLOBAL_ACCENT_COLOR_NAME = AccentColor;
				CODE_SIGN_STYLE = Automatic;
				CURRENT_PROJECT_VERSION = 1;
				DEVELOPMENT_TEAM = F3SX4NC8FR;
				GENERATE_INFOPLIST_FILE = YES;
				INFOPLIST_FILE = WeatherApp/Info.plist;
				INFOPLIST_KEY_UIApplicationSupportsIndirectInputEvents = YES;
				INFOPLIST_KEY_UILaunchStoryboardName = LaunchScreen;
				INFOPLIST_KEY_UISupportedInterfaceOrientations_iPad = "UIInterfaceOrientationPortrait UIInterfaceOrientationPortraitUpsideDown UIInterfaceOrientationLandscapeLeft UIInterfaceOrientationLandscapeRight";
				INFOPLIST_KEY_UISupportedInterfaceOrientations_iPhone = "UIInterfaceOrientationPortrait UIInterfaceOrientationLandscapeLeft UIInterfaceOrientationLandscapeRight";
				IPHONEOS_DEPLOYMENT_TARGET = 14.0;
				LD_RUNPATH_SEARCH_PATHS = (
					"$(inherited)",
					"@executable_path/Frameworks",
				);
				MARKETING_VERSION = 1.0;
				PRODUCT_BUNDLE_IDENTIFIER = com.swiftdiary.WeatherApp;
				PRODUCT_NAME = "$(TARGET_NAME)";
				SUPPORTED_PLATFORMS = "iphoneos iphonesimulator";
				SUPPORTS_MACCATALYST = NO;
				SUPPORTS_MAC_DESIGNED_FOR_IPHONE_IPAD = NO;
				SWIFT_EMIT_LOC_STRINGS = YES;
				SWIFT_VERSION = 5.0;
				TARGETED_DEVICE_FAMILY = 1;
			};
			name = Debug;
		};
		CA1D65522B46EA3F00A9074F /* Release */ = {
			isa = XCBuildConfiguration;
			buildSettings = {
				ASSETCATALOG_COMPILER_APPICON_NAME = AppIcon;
				ASSETCATALOG_COMPILER_GLOBAL_ACCENT_COLOR_NAME = AccentColor;
				CODE_SIGN_STYLE = Automatic;
				CURRENT_PROJECT_VERSION = 1;
				DEVELOPMENT_TEAM = F3SX4NC8FR;
				GENERATE_INFOPLIST_FILE = YES;
				INFOPLIST_FILE = WeatherApp/Info.plist;
				INFOPLIST_KEY_UIApplicationSupportsIndirectInputEvents = YES;
				INFOPLIST_KEY_UILaunchStoryboardName = LaunchScreen;
				INFOPLIST_KEY_UISupportedInterfaceOrientations_iPad = "UIInterfaceOrientationPortrait UIInterfaceOrientationPortraitUpsideDown UIInterfaceOrientationLandscapeLeft UIInterfaceOrientationLandscapeRight";
				INFOPLIST_KEY_UISupportedInterfaceOrientations_iPhone = "UIInterfaceOrientationPortrait UIInterfaceOrientationLandscapeLeft UIInterfaceOrientationLandscapeRight";
				IPHONEOS_DEPLOYMENT_TARGET = 14.0;
				LD_RUNPATH_SEARCH_PATHS = (
					"$(inherited)",
					"@executable_path/Frameworks",
				);
				MARKETING_VERSION = 1.0;
				PRODUCT_BUNDLE_IDENTIFIER = com.swiftdiary.WeatherApp;
				PRODUCT_NAME = "$(TARGET_NAME)";
				SUPPORTED_PLATFORMS = "iphoneos iphonesimulator";
				SUPPORTS_MACCATALYST = NO;
				SUPPORTS_MAC_DESIGNED_FOR_IPHONE_IPAD = NO;
				SWIFT_EMIT_LOC_STRINGS = YES;
				SWIFT_VERSION = 5.0;
				TARGETED_DEVICE_FAMILY = 1;
			};
			name = Release;
		};
/* End XCBuildConfiguration section */

/* Begin XCConfigurationList section */
		CA1D65372B46EA3E00A9074F /* Build configuration list for PBXProject "WeatherApp" */ = {
			isa = XCConfigurationList;
			buildConfigurations = (
				CA1D654E2B46EA3F00A9074F /* Debug */,
				CA1D654F2B46EA3F00A9074F /* Release */,
			);
			defaultConfigurationIsVisible = 0;
			defaultConfigurationName = Release;
		};
		CA1D65502B46EA3F00A9074F /* Build configuration list for PBXNativeTarget "WeatherApp" */ = {
			isa = XCConfigurationList;
			buildConfigurations = (
				CA1D65512B46EA3F00A9074F /* Debug */,
				CA1D65522B46EA3F00A9074F /* Release */,
			);
			defaultConfigurationIsVisible = 0;
			defaultConfigurationName = Release;
		};
/* End XCConfigurationList section */
	};
	rootObject = CA1D65342B46EA3E00A9074F /* Project object */;
}
